
Microsoft Visual Studio Solution File, Format Version 12.00
# Visual Studio Version 16
VisualStudioVersion = 16.0.29613.14
MinimumVisualStudioVersion = 10.0.40219.1
Project("{FAE04EC0-301F-11D3-BF4B-00C04F79EFBC}") = "Infotrack", "Infotrack\Infotrack.csproj", "{D6DEB944-FA25-45C0-9176-BC62C2B3C0C9}"
EndProject
Global
	GlobalSection(SolutionConfigurationPlatforms) = preSolution
		Debug|Any CPU = Debug|Any CPU
		Release|Any CPU = Release|Any CPU
	EndGlobalSection
	GlobalSection(ProjectConfigurationPlatforms) = postSolution
		{D6DEB944-FA25-45C0-9176-BC62C2B3C0C9}.Debug|Any CPU.ActiveCfg = Debug|Any CPU
		{D6DEB944-FA25-45C0-9176-BC62C2B3C0C9}.Debug|Any CPU.Build.0 = Debug|Any CPU
		{D6DEB944-FA25-45C0-9176-BC62C2B3C0C9}.Release|Any CPU.ActiveCfg = Release|Any CPU
		{D6DEB944-FA25-45C0-9176-BC62C2B3C0C9}.Release|Any CPU.Build.0 = Release|Any CPU
	EndGlobalSection
	GlobalSection(SolutionProperties) = preSolution
		HideSolutionNode = FALSE
	EndGlobalSection
	GlobalSection(ExtensibilityGlobals) = postSolution
		SolutionGuid = {B2E06D6C-9048-4106-BC6C-04F82E0D3F71}
	EndGlobalSection
EndGlobal
